{
  "name": "mdns-relay",
  "lockfileVersion": 2,
  "requires": true,
  "packages": {
    "": {
      "dependencies": {
        "fs": "^0.0.1-security",
        "multicast-dns": "^7.2.4",
        "netmask": "^2.0.2",
        "yaml": "^1.10.2"
      }
    },
    "node_modules/@leichtgewicht/ip-codec": {
      "version": "2.0.3",
      "resolved": "https://registry.npmjs.org/@leichtgewicht/ip-codec/-/ip-codec-2.0.3.tgz",
      "integrity": "sha512-nkalE/f1RvRGChwBnEIoBfSEYOXnCRdleKuv6+lePbMDrMZXeDQnqak5XDOeBgrPPyPfAdcCu/B5z+v3VhplGg=="
    },
    "node_modules/dns-packet": {
      "version": "5.3.0",
      "resolved": "https://registry.npmjs.org/dns-packet/-/dns-packet-5.3.0.tgz",
      "integrity": "sha512-Nce7YLu6YCgWRvOmDBsJMo9M5/jV3lEZ5vUWnWXYmwURvPylHvq7nkDWhNmk1ZQoZZOP7oQh/S0lSxbisKOfHg==",
      "dependencies": {
        "@leichtgewicht/ip-codec": "^2.0.1"
      },
      "engines": {
        "node": ">=6"
      }
    },
    "node_modules/fs": {
      "version": "0.0.1-security",
      "resolved": "https://registry.npmjs.org/fs/-/fs-0.0.1-security.tgz",
      "integrity": "sha1-invTcYa23d84E/I4WLV+yq9eQdQ="
    },
    "node_modules/multicast-dns": {
      "version": "7.2.4",
      "resolved": "https://registry.npmjs.org/multicast-dns/-/multicast-dns-7.2.4.tgz",
      "integrity": "sha512-XkCYOU+rr2Ft3LI6w4ye51M3VK31qJXFIxu0XLw169PtKG0Zx47OrXeVW/GCYOfpC9s1yyyf1S+L8/4LY0J9Zw==",
      "dependencies": {
        "dns-packet": "^5.2.2",
        "thunky": "^1.0.2"
      },
      "bin": {
        "multicast-dns": "cli.js"
      }
    },
    "node_modules/netmask": {
      "version": "2.0.2",
      "resolved": "https://registry.npmjs.org/netmask/-/netmask-2.0.2.tgz",
      "integrity": "sha512-dBpDMdxv9Irdq66304OLfEmQ9tbNRFnFTuZiLo+bD+r332bBmMJ8GBLXklIXXgxd3+v9+KUnZaUR5PJMa75Gsg==",
      "engines": {
        "node": ">= 0.4.0"
      }
    },
    "node_modules/thunky": {
      "version": "1.1.0",
      "resolved": "https://registry.npmjs.org/thunky/-/thunky-1.1.0.tgz",
      "integrity": "sha512-eHY7nBftgThBqOyHGVN+l8gF0BucP09fMo0oO/Lb0w1OF80dJv+lDVpXG60WMQvkcxAkNybKsrEIE3ZtKGmPrA=="
    },
    "node_modules/yaml": {
      "version": "1.10.2",
      "resolved": "https://registry.npmjs.org/yaml/-/yaml-1.10.2.tgz",
      "integrity": "sha512-r3vXyErRCYJ7wg28yvBY5VSoAF8ZvlcW9/BwUzEtUsjvX/DKs24dIkuwjtuprwJJHsbyUbLApepYTR1BN4uHrg==",
      "engines": {
        "node": ">= 6"
      }
    }
  },
  "dependencies": {
    "@leichtgewicht/ip-codec": {
      "version": "2.0.3",
      "resolved": "https://registry.npmjs.org/@leichtgewicht/ip-codec/-/ip-codec-2.0.3.tgz",
      "integrity": "sha512-nkalE/f1RvRGChwBnEIoBfSEYOXnCRdleKuv6+lePbMDrMZXeDQnqak5XDOeBgrPPyPfAdcCu/B5z+v3VhplGg=="
    },
    "dns-packet": {
      "version": "5.3.0",
      "resolved": "https://registry.npmjs.org/dns-packet/-/dns-packet-5.3.0.tgz",
      "integrity": "sha512-Nce7YLu6YCgWRvOmDBsJMo9M5/jV3lEZ5vUWnWXYmwURvPylHvq7nkDWhNmk1ZQoZZOP7oQh/S0lSxbisKOfHg==",
      "requires": {
        "@leichtgewicht/ip-codec": "^2.0.1"
      }
    },
    "fs": {
      "version": "0.0.1-security",
      "resolved": "https://registry.npmjs.org/fs/-/fs-0.0.1-security.tgz",
      "integrity": "sha1-invTcYa23d84E/I4WLV+yq9eQdQ="
    },
    "multicast-dns": {
      "version": "7.2.4",
      "resolved": "https://registry.npmjs.org/multicast-dns/-/multicast-dns-7.2.4.tgz",
      "integrity": "sha512-XkCYOU+rr2Ft3LI6w4ye51M3VK31qJXFIxu0XLw169PtKG0Zx47OrXeVW/GCYOfpC9s1yyyf1S+L8/4LY0J9Zw==",
      "requires": {
        "dns-packet": "^5.2.2",
        "thunky": "^1.0.2"
      }
    },
    "netmask": {
      "version": "2.0.2",
      "resolved": "https://registry.npmjs.org/netmask/-/netmask-2.0.2.tgz",
      "integrity": "sha512-dBpDMdxv9Irdq66304OLfEmQ9tbNRFnFTuZiLo+bD+r332bBmMJ8GBLXklIXXgxd3+v9+KUnZaUR5PJMa75Gsg=="
    },
    "thunky": {
      "version": "1.1.0",
      "resolved": "https://registry.npmjs.org/thunky/-/thunky-1.1.0.tgz",
      "integrity": "sha512-eHY7nBftgThBqOyHGVN+l8gF0BucP09fMo0oO/Lb0w1OF80dJv+lDVpXG60WMQvkcxAkNybKsrEIE3ZtKGmPrA=="
    },
    "yaml": {
      "version": "1.10.2",
      "resolved": "https://registry.npmjs.org/yaml/-/yaml-1.10.2.tgz",
      "integrity": "sha512-r3vXyErRCYJ7wg28yvBY5VSoAF8ZvlcW9/BwUzEtUsjvX/DKs24dIkuwjtuprwJJHsbyUbLApepYTR1BN4uHrg=="
    }
  }
}
